
Microsoft Visual Studio Solution File, Format Version 12.00
# Visual Studio 15
VisualStudioVersion = 15.0.27004.2002
MinimumVisualStudioVersion = 15.0.26124.0
Project("{9A19103F-16F7-4668-BE54-9A1E7A4F7556}") = "langroids", "langroids\langroids.csproj", "{4C3BA403-8658-4859-8729-B59265936A63}"
EndProject
Project("{9A19103F-16F7-4668-BE54-9A1E7A4F7556}") = "langroids_tests", "langroids_tests\langroids_tests.csproj", "{26A4C830-9848-4CA1-8334-9FC40C0004E2}"
EndProject
Global
	GlobalSection(SolutionConfigurationPlatforms) = preSolution
		Debug|Any CPU = Debug|Any CPU
		Debug|x64 = Debug|x64
		Debug|x86 = Debug|x86
		Release|Any CPU = Release|Any CPU
		Release|x64 = Release|x64
		Release|x86 = Release|x86
	EndGlobalSection
	GlobalSection(ProjectConfigurationPlatforms) = postSolution
		{4C3BA403-8658-4859-8729-B59265936A63}.Debug|Any CPU.ActiveCfg = Debug|Any CPU
		{4C3BA403-8658-4859-8729-B59265936A63}.Debug|Any CPU.Build.0 = Debug|Any CPU
		{4C3BA403-8658-4859-8729-B59265936A63}.Debug|x64.ActiveCfg = Debug|Any CPU
		{4C3BA403-8658-4859-8729-B59265936A63}.Debug|x64.Build.0 = Debug|Any CPU
		{4C3BA403-8658-4859-8729-B59265936A63}.Debug|x86.ActiveCfg = Debug|Any CPU
		{4C3BA403-8658-4859-8729-B59265936A63}.Debug|x86.Build.0 = Debug|Any CPU
		{4C3BA403-8658-4859-8729-B59265936A63}.Release|Any CPU.ActiveCfg = Release|Any CPU
		{4C3BA403-8658-4859-8729-B59265936A63}.Release|Any CPU.Build.0 = Release|Any CPU
		{4C3BA403-8658-4859-8729-B59265936A63}.Release|x64.ActiveCfg = Release|Any CPU
		{4C3BA403-8658-4859-8729-B59265936A63}.Release|x64.Build.0 = Release|Any CPU
		{4C3BA403-8658-4859-8729-B59265936A63}.Release|x86.ActiveCfg = Release|Any CPU
		{4C3BA403-8658-4859-8729-B59265936A63}.Release|x86.Build.0 = Release|Any CPU
		{26A4C830-9848-4CA1-8334-9FC40C0004E2}.Debug|Any CPU.ActiveCfg = Debug|Any CPU
		{26A4C830-9848-4CA1-8334-9FC40C0004E2}.Debug|Any CPU.Build.0 = Debug|Any CPU
		{26A4C830-9848-4CA1-8334-9FC40C0004E2}.Debug|x64.ActiveCfg = Debug|Any CPU
		{26A4C830-9848-4CA1-8334-9FC40C0004E2}.Debug|x64.Build.0 = Debug|Any CPU
		{26A4C830-9848-4CA1-8334-9FC40C0004E2}.Debug|x86.ActiveCfg = Debug|Any CPU
		{26A4C830-9848-4CA1-8334-9FC40C0004E2}.Debug|x86.Build.0 = Debug|Any CPU
		{26A4C830-9848-4CA1-8334-9FC40C0004E2}.Release|Any CPU.ActiveCfg = Release|Any CPU
		{26A4C830-9848-4CA1-8334-9FC40C0004E2}.Release|Any CPU.Build.0 = Release|Any CPU
		{26A4C830-9848-4CA1-8334-9FC40C0004E2}.Release|x64.ActiveCfg = Release|Any CPU
		{26A4C830-9848-4CA1-8334-9FC40C0004E2}.Release|x64.Build.0 = Release|Any CPU
		{26A4C830-9848-4CA1-8334-9FC40C0004E2}.Release|x86.ActiveCfg = Release|Any CPU
		{26A4C830-9848-4CA1-8334-9FC40C0004E2}.Release|x86.Build.0 = Release|Any CPU
	EndGlobalSection
	GlobalSection(SolutionProperties) = preSolution
		HideSolutionNode = FALSE
	EndGlobalSection
	GlobalSection(ExtensibilityGlobals) = postSolution
		SolutionGuid = {7805BA34-52BD-412C-877E-1682EA5CF734}
	EndGlobalSection
EndGlobal
